# This file is automatically generated by Poetry 2.4.2 and should not be changed by hand.

[[package]]
name = "demo"
version = "1.0"
description = "Sealr Poetry handoff fixture"
optional = false
python-versions = "*"
groups = ["main"]
files = [
    {file = "demo-1.0-py3-none-any.whl", hash = "sha256:078364afdeda960f1e0df0959d9cafcdb067b2c3c8c2999c0cea7cd521c466ec"},
]

[metadata]
lock-version = "2.1"
python-versions = ">=3.12,<3.13"
content-hash = "05215750b424afb5e7526817467f25252ef97d461ef74456d2ecdb87b740bd79"
